{
  "name": "tips",
  "version": "1.0.0",
  "lockfileVersion": 2,
  "requires": true,
  "packages": {
    "": {
      "name": "tips",
      "version": "1.0.0",
      "license": "ISC",
      "dependencies": {
        "npm-failsafe": "^1.0.0",
        "zenn-cli": "^0.1.143"
      }
    },
    "node_modules/npm-failsafe": {
      "version": "1.0.0",
      "resolved": "https://registry.npmjs.org/npm-failsafe/-/npm-failsafe-1.0.0.tgz",
      "integrity": "sha512-RBkFcqtyYPoelr8425ydcX6EnH+m4tIKwTfGjbPv5tiKJq6cBfujCWQz4PtM9xDGtPQjldZtRgiIcMwgx0z/8Q==",
      "bin": {
        "failsafe": "bin/failsafe"
      },
      "engines": {
        "node": "^14 || ^16 || ^18",
        "npm": "^6 || ^7 || ^8 || ^9"
      }
    },
    "node_modules/zenn-cli": {
      "version": "0.1.143",
      "resolved": "https://registry.npmjs.org/zenn-cli/-/zenn-cli-0.1.143.tgz",
      "integrity": "sha512-LW11tcLK4yLIW32NiVAHXgb5hOzRaClNag4/hhOXSFZ0IroF7XLgBN/IgbLk9sz8fX3XjhgptX8mDJC50JxBDA==",
      "bin": {
        "zenn": "dist/server/zenn.js"
      },
      "engines": {
        "node": ">=14.0.0"
      }
    }
  },
  "dependencies": {
    "npm-failsafe": {
      "version": "1.0.0",
      "resolved": "https://registry.npmjs.org/npm-failsafe/-/npm-failsafe-1.0.0.tgz",
      "integrity": "sha512-RBkFcqtyYPoelr8425ydcX6EnH+m4tIKwTfGjbPv5tiKJq6cBfujCWQz4PtM9xDGtPQjldZtRgiIcMwgx0z/8Q=="
    },
    "zenn-cli": {
      "version": "0.1.143",
      "resolved": "https://registry.npmjs.org/zenn-cli/-/zenn-cli-0.1.143.tgz",
      "integrity": "sha512-LW11tcLK4yLIW32NiVAHXgb5hOzRaClNag4/hhOXSFZ0IroF7XLgBN/IgbLk9sz8fX3XjhgptX8mDJC50JxBDA=="
    }
  }
}
